
Microsoft Visual Studio Solution File, Format Version 12.00
# Visual Studio Version 17
VisualStudioVersion = 17.8.34525.116
MinimumVisualStudioVersion = 10.0.40219.1
Project("{9A19103F-16F7-4668-BE54-9A1E7A4F7556}") = "TestTask.API", "TestTask\TestTask.API.csproj", "{F1B0E282-6759-44A3-8CDA-146AE505BE57}"
EndProject
Project("{9A19103F-16F7-4668-BE54-9A1E7A4F7556}") = "TestTask.BLL", "TestkTask.BLL\TestTask.BLL.csproj", "{6FB78B21-5759-4D80-9C83-3579C45E1834}"
EndProject
Project("{9A19103F-16F7-4668-BE54-9A1E7A4F7556}") = "TestTask.DAL", "TestTask.DAL\TestTask.DAL.csproj", "{C5130859-7B8E-40B8-A13D-121ADA02748B}"
EndProject
Global
	GlobalSection(SolutionConfigurationPlatforms) = preSolution
		Debug|Any CPU = Debug|Any CPU
		Release|Any CPU = Release|Any CPU
	EndGlobalSection
	GlobalSection(ProjectConfigurationPlatforms) = postSolution
		{F1B0E282-6759-44A3-8CDA-146AE505BE57}.Debug|Any CPU.ActiveCfg = Debug|Any CPU
		{F1B0E282-6759-44A3-8CDA-146AE505BE57}.Debug|Any CPU.Build.0 = Debug|Any CPU
		{F1B0E282-6759-44A3-8CDA-146AE505BE57}.Release|Any CPU.ActiveCfg = Release|Any CPU
		{F1B0E282-6759-44A3-8CDA-146AE505BE57}.Release|Any CPU.Build.0 = Release|Any CPU
		{6FB78B21-5759-4D80-9C83-3579C45E1834}.Debug|Any CPU.ActiveCfg = Debug|Any CPU
		{6FB78B21-5759-4D80-9C83-3579C45E1834}.Debug|Any CPU.Build.0 = Debug|Any CPU
		{6FB78B21-5759-4D80-9C83-3579C45E1834}.Release|Any CPU.ActiveCfg = Release|Any CPU
		{6FB78B21-5759-4D80-9C83-3579C45E1834}.Release|Any CPU.Build.0 = Release|Any CPU
		{C5130859-7B8E-40B8-A13D-121ADA02748B}.Debug|Any CPU.ActiveCfg = Debug|Any CPU
		{C5130859-7B8E-40B8-A13D-121ADA02748B}.Debug|Any CPU.Build.0 = Debug|Any CPU
		{C5130859-7B8E-40B8-A13D-121ADA02748B}.Release|Any CPU.ActiveCfg = Release|Any CPU
		{C5130859-7B8E-40B8-A13D-121ADA02748B}.Release|Any CPU.Build.0 = Release|Any CPU
	EndGlobalSection
	GlobalSection(SolutionProperties) = preSolution
		HideSolutionNode = FALSE
	EndGlobalSection
	GlobalSection(ExtensibilityGlobals) = postSolution
		SolutionGuid = {6709C223-E84C-450B-9D38-402B142DEAE4}
	EndGlobalSection
EndGlobal
